
Microsoft Visual Studio Solution File, Format Version 12.00
# Visual Studio Version 17
VisualStudioVersion = 17.5.33627.172
MinimumVisualStudioVersion = 10.0.40219.1
Project("{9A19103F-16F7-4668-BE54-9A1E7A4F7556}") = "ShoppingList.Domain", "ShoppingList.Domain\ShoppingList.Domain.csproj", "{03D58056-1EE1-48C3-87A1-3677E8D29F48}"
EndProject
Project("{9A19103F-16F7-4668-BE54-9A1E7A4F7556}") = "ShoppingList.Application", "ShoppingList.Application\ShoppingList.Application.csproj", "{D6F36239-78D3-4AF4-A335-08A07060D48F}"
EndProject
Project("{9A19103F-16F7-4668-BE54-9A1E7A4F7556}") = "ShoppingList.Infrastructure", "ShoppingList.Infrastructure\ShoppingList.Infrastructure.csproj", "{F460007F-AC45-4DD2-86F3-0151DCC7FDDD}"
EndProject
Project("{9A19103F-16F7-4668-BE54-9A1E7A4F7556}") = "ShoppingList.Web", "ShoppingList.Web\ShoppingList.Web.csproj", "{04AC3906-B1B9-4E5C-BB42-FAEBC693EE10}"
EndProject
Global
	GlobalSection(SolutionConfigurationPlatforms) = preSolution
		Debug|Any CPU = Debug|Any CPU
		Release|Any CPU = Release|Any CPU
	EndGlobalSection
	GlobalSection(ProjectConfigurationPlatforms) = postSolution
		{03D58056-1EE1-48C3-87A1-3677E8D29F48}.Debug|Any CPU.ActiveCfg = Debug|Any CPU
		{03D58056-1EE1-48C3-87A1-3677E8D29F48}.Debug|Any CPU.Build.0 = Debug|Any CPU
		{03D58056-1EE1-48C3-87A1-3677E8D29F48}.Release|Any CPU.ActiveCfg = Release|Any CPU
		{03D58056-1EE1-48C3-87A1-3677E8D29F48}.Release|Any CPU.Build.0 = Release|Any CPU
		{D6F36239-78D3-4AF4-A335-08A07060D48F}.Debug|Any CPU.ActiveCfg = Debug|Any CPU
		{D6F36239-78D3-4AF4-A335-08A07060D48F}.Debug|Any CPU.Build.0 = Debug|Any CPU
		{D6F36239-78D3-4AF4-A335-08A07060D48F}.Release|Any CPU.ActiveCfg = Release|Any CPU
		{D6F36239-78D3-4AF4-A335-08A07060D48F}.Release|Any CPU.Build.0 = Release|Any CPU
		{F460007F-AC45-4DD2-86F3-0151DCC7FDDD}.Debug|Any CPU.ActiveCfg = Debug|Any CPU
		{F460007F-AC45-4DD2-86F3-0151DCC7FDDD}.Debug|Any CPU.Build.0 = Debug|Any CPU
		{F460007F-AC45-4DD2-86F3-0151DCC7FDDD}.Release|Any CPU.ActiveCfg = Release|Any CPU
		{F460007F-AC45-4DD2-86F3-0151DCC7FDDD}.Release|Any CPU.Build.0 = Release|Any CPU
		{04AC3906-B1B9-4E5C-BB42-FAEBC693EE10}.Debug|Any CPU.ActiveCfg = Debug|Any CPU
		{04AC3906-B1B9-4E5C-BB42-FAEBC693EE10}.Debug|Any CPU.Build.0 = Debug|Any CPU
		{04AC3906-B1B9-4E5C-BB42-FAEBC693EE10}.Release|Any CPU.ActiveCfg = Release|Any CPU
		{04AC3906-B1B9-4E5C-BB42-FAEBC693EE10}.Release|Any CPU.Build.0 = Release|Any CPU
	EndGlobalSection
	GlobalSection(SolutionProperties) = preSolution
		HideSolutionNode = FALSE
	EndGlobalSection
	GlobalSection(ExtensibilityGlobals) = postSolution
		SolutionGuid = {3BB9CE7F-24C2-4B5F-8C28-089FEAB03EE0}
	EndGlobalSection
EndGlobal
